
Microsoft Visual Studio Solution File, Format Version 12.00
# Visual Studio Version 17
VisualStudioVersion = 17.8.34511.84
MinimumVisualStudioVersion = 10.0.40219.1
Project("{FAE04EC0-301F-11D3-BF4B-00C04F79EFBC}") = "Labb2-Racebil", "Labb2-Racebil\Labb2-Racebil.csproj", "{B5F8D934-4FBE-4AE2-8D19-80D317BE323D}"
EndProject
Global
	GlobalSection(SolutionConfigurationPlatforms) = preSolution
		Debug|Any CPU = Debug|Any CPU
		Release|Any CPU = Release|Any CPU
	EndGlobalSection
	GlobalSection(ProjectConfigurationPlatforms) = postSolution
		{B5F8D934-4FBE-4AE2-8D19-80D317BE323D}.Debug|Any CPU.ActiveCfg = Debug|Any CPU
		{B5F8D934-4FBE-4AE2-8D19-80D317BE323D}.Debug|Any CPU.Build.0 = Debug|Any CPU
		{B5F8D934-4FBE-4AE2-8D19-80D317BE323D}.Release|Any CPU.ActiveCfg = Release|Any CPU
		{B5F8D934-4FBE-4AE2-8D19-80D317BE323D}.Release|Any CPU.Build.0 = Release|Any CPU
	EndGlobalSection
	GlobalSection(SolutionProperties) = preSolution
		HideSolutionNode = FALSE
	EndGlobalSection
	GlobalSection(ExtensibilityGlobals) = postSolution
		SolutionGuid = {9DF4FA50-D3E1-403C-B492-917688FE360C}
	EndGlobalSection
EndGlobal
